
Microsoft Visual Studio Solution File, Format Version 12.00
# Visual Studio Version 17
VisualStudioVersion = 17.3.32922.545
MinimumVisualStudioVersion = 10.0.40219.1
Project("{9A19103F-16F7-4668-BE54-9A1E7A4F7556}") = "Tidbeat", "Tidbeat\Tidbeat.csproj", "{0D80532B-973E-4A74-A774-1A3279DE1670}"
EndProject
Project("{9A19103F-16F7-4668-BE54-9A1E7A4F7556}") = "TidbeatTests2.0", "TidbeatTests2.0\TidbeatTests2.0.csproj", "{D1A4EBCC-0006-48E1-97FE-9AC6DC26260B}"
EndProject
Global
	GlobalSection(SolutionConfigurationPlatforms) = preSolution
		Debug|Any CPU = Debug|Any CPU
		Release|Any CPU = Release|Any CPU
	EndGlobalSection
	GlobalSection(ProjectConfigurationPlatforms) = postSolution
		{0D80532B-973E-4A74-A774-1A3279DE1670}.Debug|Any CPU.ActiveCfg = Debug|Any CPU
		{0D80532B-973E-4A74-A774-1A3279DE1670}.Debug|Any CPU.Build.0 = Debug|Any CPU
		{0D80532B-973E-4A74-A774-1A3279DE1670}.Release|Any CPU.ActiveCfg = Release|Any CPU
		{0D80532B-973E-4A74-A774-1A3279DE1670}.Release|Any CPU.Build.0 = Release|Any CPU
		{D1A4EBCC-0006-48E1-97FE-9AC6DC26260B}.Debug|Any CPU.ActiveCfg = Debug|Any CPU
		{D1A4EBCC-0006-48E1-97FE-9AC6DC26260B}.Debug|Any CPU.Build.0 = Debug|Any CPU
		{D1A4EBCC-0006-48E1-97FE-9AC6DC26260B}.Release|Any CPU.ActiveCfg = Release|Any CPU
		{D1A4EBCC-0006-48E1-97FE-9AC6DC26260B}.Release|Any CPU.Build.0 = Release|Any CPU
	EndGlobalSection
	GlobalSection(SolutionProperties) = preSolution
		HideSolutionNode = FALSE
	EndGlobalSection
	GlobalSection(ExtensibilityGlobals) = postSolution
		SolutionGuid = {4791B273-C3D7-40E8-9E17-067C7B769AC1}
	EndGlobalSection
EndGlobal
